Microsoft Visual Studio Solution File, Format Version 12.00
# Visual Studio 15
VisualStudioVersion = 15.0.27130.2024
MinimumVisualStudioVersion = 10.0.40219.1
Project("{FAE04EC0-301F-11D3-BF4B-00C04F79EFBC}") = "BankAccount", "BankAccount\BankAccount.csproj", "{51994FDD-B3F6-48B1-A735-C41A79B3CB95}"
EndProject
Project("{FAE04EC0-301F-11D3-BF4B-00C04F79EFBC}") = "BankAccount.iOS", "iOS\BankAccount.iOS.csproj", "{195A1B6B-46DB-4098-8753-47EDFC3D1A3E}"
EndProject
Project("{FAE04EC0-301F-11D3-BF4B-00C04F79EFBC}") = "BankAccount.Droid", "Droid\BankAccount.Droid.csproj", "{6648ED4B-2190-4F95-9B57-9403D86E5FDE}"
EndProject
Project("{FAE04EC0-301F-11D3-BF4B-00C04F79EFBC}") = "BankAccount.MacOS", "BankAccount.MacOS\BankAccount.MacOS.csproj", "{C82875BC-D7E5-4552-A2E3-3DB7B9FC2717}"
EndProject
Project("{FAE04EC0-301F-11D3-BF4B-00C04F79EFBC}") = "BankAccount.UWP", "BankAccount.UWP\BankAccount.UWP.csproj", "{DB163AA5-F89A-42D9-B2FD-66EB421954EF}"
EndProject
Global
	GlobalSection(SolutionConfigurationPlatforms) = preSolution
		Debug|Any CPU = Debug|Any CPU
		Debug|ARM = Debug|ARM
		Debug|iPhone = Debug|iPhone
		Debug|iPhoneSimulator = Debug|iPhoneSimulator
		Debug|x64 = Debug|x64
		Debug|x86 = Debug|x86
		Release|Any CPU = Release|Any CPU
		Release|ARM = Release|ARM
		Release|iPhone = Release|iPhone
		Release|iPhoneSimulator = Release|iPhoneSimulator
		Release|x64 = Release|x64
		Release|x86 = Release|x86
	EndGlobalSection
	GlobalSection(ProjectConfigurationPlatforms) = postSolution
		{51994FDD-B3F6-48B1-A735-C41A79B3CB95}.Debug|Any CPU.ActiveCfg = Debug|Any CPU
		{51994FDD-B3F6-48B1-A735-C41A79B3CB95}.Debug|Any CPU.Build.0 = Debug|Any CPU
		{51994FDD-B3F6-48B1-A735-C41A79B3CB95}.Debug|ARM.ActiveCfg = Debug|Any CPU
		{51994FDD-B3F6-48B1-A735-C41A79B3CB95}.Debug|ARM.Build.0 = Debug|Any CPU
		{51994FDD-B3F6-48B1-A735-C41A79B3CB95}.Debug|iPhone.ActiveCfg = Debug|Any CPU
		{51994FDD-B3F6-48B1-A735-C41A79B3CB95}.Debug|iPhone.Build.0 = Debug|Any CPU
		{51994FDD-B3F6-48B1-A735-C41A79B3CB95}.Debug|iPhoneSimulator.ActiveCfg = Debug|Any CPU
		{51994FDD-B3F6-48B1-A735-C41A79B3CB95}.Debug|iPhoneSimulator.Build.0 = Debug|Any CPU
		{51994FDD-B3F6-48B1-A735-C41A79B3CB95}.Debug|x64.ActiveCfg = Debug|Any CPU
		{51994FDD-B3F6-48B1-A735-C41A79B3CB95}.Debug|x64.Build.0 = Debug|Any CPU
		{51994FDD-B3F6-48B1-A735-C41A79B3CB95}.Debug|x86.ActiveCfg = Debug|Any CPU
		{51994FDD-B3F6-48B1-A735-C41A79B3CB95}.Debug|x86.Build.0 = Debug|Any CPU
		{51994FDD-B3F6-48B1-A735-C41A79B3CB95}.Release|Any CPU.ActiveCfg = Release|Any CPU
		{51994FDD-B3F6-48B1-A735-C41A79B3CB95}.Release|Any CPU.Build.0 = Release|Any CPU
		{51994FDD-B3F6-48B1-A735-C41A79B3CB95}.Release|ARM.ActiveCfg = Release|Any CPU
		{51994FDD-B3F6-48B1-A735-C41A79B3CB95}.Release|ARM.Build.0 = Release|Any CPU
		{51994FDD-B3F6-48B1-A735-C41A79B3CB95}.Release|iPhone.ActiveCfg = Release|Any CPU
		{51994FDD-B3F6-48B1-A735-C41A79B3CB95}.Release|iPhone.Build.0 = Release|Any CPU
		{51994FDD-B3F6-48B1-A735-C41A79B3CB95}.Release|iPhoneSimulator.ActiveCfg = Release|Any CPU
		{51994FDD-B3F6-48B1-A735-C41A79B3CB95}.Release|iPhoneSimulator.Build.0 = Release|Any CPU
		{51994FDD-B3F6-48B1-A735-C41A79B3CB95}.Release|x64.ActiveCfg = Release|Any CPU
		{51994FDD-B3F6-48B1-A735-C41A79B3CB95}.Release|x64.Build.0 = Release|Any CPU
		{51994FDD-B3F6-48B1-A735-C41A79B3CB95}.Release|x86.ActiveCfg = Release|Any CPU
		{51994FDD-B3F6-48B1-A735-C41A79B3CB95}.Release|x86.Build.0 = Release|Any CPU
		{195A1B6B-46DB-4098-8753-47EDFC3D1A3E}.Debug|Any CPU.ActiveCfg = Debug|iPhoneSimulator
		{195A1B6B-46DB-4098-8753-47EDFC3D1A3E}.Debug|Any CPU.Build.0 = Debug|iPhoneSimulator
		{195A1B6B-46DB-4098-8753-47EDFC3D1A3E}.Debug|ARM.ActiveCfg = Debug|iPhone
		{195A1B6B-46DB-4098-8753-47EDFC3D1A3E}.Debug|iPhone.ActiveCfg = Debug|iPhone
		{195A1B6B-46DB-4098-8753-47EDFC3D1A3E}.Debug|iPhone.Build.0 = Debug|iPhone
		{195A1B6B-46DB-4098-8753-47EDFC3D1A3E}.Debug|iPhoneSimulator.ActiveCfg = Debug|iPhoneSimulator
		{195A1B6B-46DB-4098-8753-47EDFC3D1A3E}.Debug|iPhoneSimulator.Build.0 = Debug|iPhoneSimulator
		{195A1B6B-46DB-4098-8753-47EDFC3D1A3E}.Debug|x64.ActiveCfg = Debug|iPhone
		{195A1B6B-46DB-4098-8753-47EDFC3D1A3E}.Debug|x86.ActiveCfg = Debug|iPhone
		{195A1B6B-46DB-4098-8753-47EDFC3D1A3E}.Release|Any CPU.ActiveCfg = Release|iPhone
		{195A1B6B-46DB-4098-8753-47EDFC3D1A3E}.Release|Any CPU.Build.0 = Release|iPhone
		{195A1B6B-46DB-4098-8753-47EDFC3D1A3E}.Release|ARM.ActiveCfg = Release|iPhoneSimulator
		{195A1B6B-46DB-4098-8753-47EDFC3D1A3E}.Release|iPhone.ActiveCfg = Release|iPhone
		{195A1B6B-46DB-4098-8753-47EDFC3D1A3E}.Release|iPhone.Build.0 = Release|iPhone
		{195A1B6B-46DB-4098-8753-47EDFC3D1A3E}.Release|iPhoneSimulator.ActiveCfg = Release|iPhoneSimulator
		{195A1B6B-46DB-4098-8753-47EDFC3D1A3E}.Release|iPhoneSimulator.Build.0 = Release|iPhoneSimulator
		{195A1B6B-46DB-4098-8753-47EDFC3D1A3E}.Release|x64.ActiveCfg = Release|iPhoneSimulator
		{195A1B6B-46DB-4098-8753-47EDFC3D1A3E}.Release|x86.ActiveCfg = Release|iPhoneSimulator
		{6648ED4B-2190-4F95-9B57-9403D86E5FDE}.Debug|Any CPU.ActiveCfg = Debug|Any CPU
		{6648ED4B-2190-4F95-9B57-9403D86E5FDE}.Debug|Any CPU.Build.0 = Debug|Any CPU
		{6648ED4B-2190-4F95-9B57-9403D86E5FDE}.Debug|ARM.ActiveCfg = Debug|Any CPU
		{6648ED4B-2190-4F95-9B57-9403D86E5FDE}.Debug|ARM.Build.0 = Debug|Any CPU
		{6648ED4B-2190-4F95-9B57-9403D86E5FDE}.Debug|ARM.Deploy.0 = Debug|Any CPU
		{6648ED4B-2190-4F95-9B57-9403D86E5FDE}.Debug|iPhone.ActiveCfg = Debug|Any CPU
		{6648ED4B-2190-4F95-9B57-9403D86E5FDE}.Debug|iPhone.Build.0 = Debug|Any CPU
		{6648ED4B-2190-4F95-9B57-9403D86E5FDE}.Debug|iPhoneSimulator.ActiveCfg = Debug|Any CPU
		{6648ED4B-2190-4F95-9B57-9403D86E5FDE}.Debug|iPhoneSimulator.Build.0 = Debug|Any CPU
		{6648ED4B-2190-4F95-9B57-9403D86E5FDE}.Debug|x64.ActiveCfg = Debug|Any CPU
		{6648ED4B-2190-4F95-9B57-9403D86E5FDE}.Debug|x64.Build.0 = Debug|Any CPU
		{6648ED4B-2190-4F95-9B57-9403D86E5FDE}.Debug|x64.Deploy.0 = Debug|Any CPU
		{6648ED4B-2190-4F95-9B57-9403D86E5FDE}.Debug|x86.ActiveCfg = Debug|Any CPU
		{6648ED4B-2190-4F95-9B57-9403D86E5FDE}.Debug|x86.Build.0 = Debug|Any CPU
		{6648ED4B-2190-4F95-9B57-9403D86E5FDE}.Debug|x86.Deploy.0 = Debug|Any CPU
		{6648ED4B-2190-4F95-9B57-9403D86E5FDE}.Release|Any CPU.ActiveCfg = Release|Any CPU
		{6648ED4B-2190-4F95-9B57-9403D86E5FDE}.Release|Any CPU.Build.0 = Release|Any CPU
		{6648ED4B-2190-4F95-9B57-9403D86E5FDE}.Release|ARM.ActiveCfg = Release|Any CPU
		{6648ED4B-2190-4F95-9B57-9403D86E5FDE}.Release|ARM.Build.0 = Release|Any CPU
		{6648ED4B-2190-4F95-9B57-9403D86E5FDE}.Release|ARM.Deploy.0 = Release|Any CPU
		{6648ED4B-2190-4F95-9B57-9403D86E5FDE}.Release|iPhone.ActiveCfg = Release|Any CPU
		{6648ED4B-2190-4F95-9B57-9403D86E5FDE}.Release|iPhone.Build.0 = Release|Any CPU
		{6648ED4B-2190-4F95-9B57-9403D86E5FDE}.Release|iPhoneSimulator.ActiveCfg = Release|Any CPU
		{6648ED4B-2190-4F95-9B57-9403D86E5FDE}.Release|iPhoneSimulator.Build.0 = Release|Any CPU
		{6648ED4B-2190-4F95-9B57-9403D86E5FDE}.Release|x64.ActiveCfg = Release|Any CPU
		{6648ED4B-2190-4F95-9B57-9403D86E5FDE}.Release|x64.Build.0 = Release|Any CPU
		{6648ED4B-2190-4F95-9B57-9403D86E5FDE}.Release|x64.Deploy.0 = Release|Any CPU
		{6648ED4B-2190-4F95-9B57-9403D86E5FDE}.Release|x86.ActiveCfg = Release|Any CPU
		{6648ED4B-2190-4F95-9B57-9403D86E5FDE}.Release|x86.Build.0 = Release|Any CPU
		{6648ED4B-2190-4F95-9B57-9403D86E5FDE}.Release|x86.Deploy.0 = Release|Any CPU
		{C82875BC-D7E5-4552-A2E3-3DB7B9FC2717}.Debug|Any CPU.ActiveCfg = Debug|Any CPU
		{C82875BC-D7E5-4552-A2E3-3DB7B9FC2717}.Debug|Any CPU.Build.0 = Debug|Any CPU
		{C82875BC-D7E5-4552-A2E3-3DB7B9FC2717}.Debug|ARM.ActiveCfg = Debug|Any CPU
		{C82875BC-D7E5-4552-A2E3-3DB7B9FC2717}.Debug|ARM.Build.0 = Debug|Any CPU
		{C82875BC-D7E5-4552-A2E3-3DB7B9FC2717}.Debug|iPhone.ActiveCfg = Debug|Any CPU
		{C82875BC-D7E5-4552-A2E3-3DB7B9FC2717}.Debug|iPhone.Build.0 = Debug|Any CPU
		{C82875BC-D7E5-4552-A2E3-3DB7B9FC2717}.Debug|iPhoneSimulator.ActiveCfg = Debug|Any CPU
		{C82875BC-D7E5-4552-A2E3-3DB7B9FC2717}.Debug|iPhoneSimulator.Build.0 = Debug|Any CPU
		{C82875BC-D7E5-4552-A2E3-3DB7B9FC2717}.Debug|x64.ActiveCfg = Debug|Any CPU
		{C82875BC-D7E5-4552-A2E3-3DB7B9FC2717}.Debug|x64.Build.0 = Debug|Any CPU
		{C82875BC-D7E5-4552-A2E3-3DB7B9FC2717}.Debug|x86.ActiveCfg = Debug|Any CPU
		{C82875BC-D7E5-4552-A2E3-3DB7B9FC2717}.Debug|x86.Build.0 = Debug|Any CPU
		{C82875BC-D7E5-4552-A2E3-3DB7B9FC2717}.Release|Any CPU.ActiveCfg = Release|Any CPU
		{C82875BC-D7E5-4552-A2E3-3DB7B9FC2717}.Release|Any CPU.Build.0 = Release|Any CPU
		{C82875BC-D7E5-4552-A2E3-3DB7B9FC2717}.Release|ARM.ActiveCfg = Release|Any CPU
		{C82875BC-D7E5-4552-A2E3-3DB7B9FC2717}.Release|ARM.Build.0 = Release|Any CPU
		{C82875BC-D7E5-4552-A2E3-3DB7B9FC2717}.Release|iPhone.ActiveCfg = Release|Any CPU
		{C82875BC-D7E5-4552-A2E3-3DB7B9FC2717}.Release|iPhone.Build.0 = Release|Any CPU
		{C82875BC-D7E5-4552-A2E3-3DB7B9FC2717}.Release|iPhoneSimulator.ActiveCfg = Release|Any CPU
		{C82875BC-D7E5-4552-A2E3-3DB7B9FC2717}.Release|iPhoneSimulator.Build.0 = Release|Any CPU
		{C82875BC-D7E5-4552-A2E3-3DB7B9FC2717}.Release|x64.ActiveCfg = Release|Any CPU
		{C82875BC-D7E5-4552-A2E3-3DB7B9FC2717}.Release|x64.Build.0 = Release|Any CPU
		{C82875BC-D7E5-4552-A2E3-3DB7B9FC2717}.Release|x86.ActiveCfg = Release|Any CPU
		{C82875BC-D7E5-4552-A2E3-3DB7B9FC2717}.Release|x86.Build.0 = Release|Any CPU
		{DB163AA5-F89A-42D9-B2FD-66EB421954EF}.Debug|Any CPU.ActiveCfg = Debug|x86
		{DB163AA5-F89A-42D9-B2FD-66EB421954EF}.Debug|Any CPU.Build.0 = Debug|x86
		{DB163AA5-F89A-42D9-B2FD-66EB421954EF}.Debug|Any CPU.Deploy.0 = Debug|x86
		{DB163AA5-F89A-42D9-B2FD-66EB421954EF}.Debug|ARM.ActiveCfg = Debug|ARM
		{DB163AA5-F89A-42D9-B2FD-66EB421954EF}.Debug|ARM.Build.0 = Debug|ARM
		{DB163AA5-F89A-42D9-B2FD-66EB421954EF}.Debug|ARM.Deploy.0 = Debug|ARM
		{DB163AA5-F89A-42D9-B2FD-66EB421954EF}.Debug|iPhone.ActiveCfg = Debug|x86
		{DB163AA5-F89A-42D9-B2FD-66EB421954EF}.Debug|iPhoneSimulator.ActiveCfg = Debug|x86
		{DB163AA5-F89A-42D9-B2FD-66EB421954EF}.Debug|x64.ActiveCfg = Debug|x64
		{DB163AA5-F89A-42D9-B2FD-66EB421954EF}.Debug|x64.Build.0 = Debug|x64
		{DB163AA5-F89A-42D9-B2FD-66EB421954EF}.Debug|x64.Deploy.0 = Debug|x64
		{DB163AA5-F89A-42D9-B2FD-66EB421954EF}.Debug|x86.ActiveCfg = Debug|x86
		{DB163AA5-F89A-42D9-B2FD-66EB421954EF}.Debug|x86.Build.0 = Debug|x86
		{DB163AA5-F89A-42D9-B2FD-66EB421954EF}.Debug|x86.Deploy.0 = Debug|x86
		{DB163AA5-F89A-42D9-B2FD-66EB421954EF}.Release|Any CPU.ActiveCfg = Release|x86
		{DB163AA5-F89A-42D9-B2FD-66EB421954EF}.Release|ARM.ActiveCfg = Release|ARM
		{DB163AA5-F89A-42D9-B2FD-66EB421954EF}.Release|ARM.Build.0 = Release|ARM
		{DB163AA5-F89A-42D9-B2FD-66EB421954EF}.Release|ARM.Deploy.0 = Release|ARM
		{DB163AA5-F89A-42D9-B2FD-66EB421954EF}.Release|iPhone.ActiveCfg = Release|x86
		{DB163AA5-F89A-42D9-B2FD-66EB421954EF}.Release|iPhoneSimulator.ActiveCfg = Release|x86
		{DB163AA5-F89A-42D9-B2FD-66EB421954EF}.Release|x64.ActiveCfg = Release|x64
		{DB163AA5-F89A-42D9-B2FD-66EB421954EF}.Release|x64.Build.0 = Release|x64
		{DB163AA5-F89A-42D9-B2FD-66EB421954EF}.Release|x64.Deploy.0 = Release|x64
		{DB163AA5-F89A-42D9-B2FD-66EB421954EF}.Release|x86.ActiveCfg = Release|x86
		{DB163AA5-F89A-42D9-B2FD-66EB421954EF}.Release|x86.Build.0 = Release|x86
		{DB163AA5-F89A-42D9-B2FD-66EB421954EF}.Release|x86.Deploy.0 = Release|x86
	EndGlobalSection
	GlobalSection(SolutionProperties) = preSolution
		HideSolutionNode = FALSE
	EndGlobalSection
	GlobalSection(ExtensibilityGlobals) = postSolution
		SolutionGuid = {8EAD5DFA-211A-4BC7-A780-F0FE1C9CF97B}
	EndGlobalSection
EndGlobal
