
Microsoft Visual Studio Solution File, Format Version 12.00
# Visual Studio 15
VisualStudioVersion = 15.0.27130.2024
MinimumVisualStudioVersion = 10.0.40219.1
Project("{FAE04EC0-301F-11D3-BF4B-00C04F79EFBC}") = "SymptomAssessment.Android", "SymptomAssessment\SymptomAssessment.Android\SymptomAssessment.Android.csproj", "{23DBD29D-75E8-458A-966A-12D506A4AFE7}"
EndProject
Project("{FAE04EC0-301F-11D3-BF4B-00C04F79EFBC}") = "SymptomAssessment.iOS", "SymptomAssessment\SymptomAssessment.iOS\SymptomAssessment.iOS.csproj", "{9ACBAF31-DD79-4962-852B-7CC3D38DFAF1}"
EndProject
Project("{FAE04EC0-301F-11D3-BF4B-00C04F79EFBC}") = "SymptomAssessment.UWP", "SymptomAssessment\SymptomAssessment.UWP\SymptomAssessment.UWP.csproj", "{B394FAAD-6532-4527-B422-AADE96E4ED75}"
EndProject
Project("{FAE04EC0-301F-11D3-BF4B-00C04F79EFBC}") = "SymptomAssessment", "SymptomAssessment\SymptomAssessment\SymptomAssessment.csproj", "{1E466095-5630-4332-AC4C-7891434D721D}"
EndProject
Global
	GlobalSection(SolutionConfigurationPlatforms) = preSolution
		Ad-Hoc|Any CPU = Ad-Hoc|Any CPU
		Ad-Hoc|ARM = Ad-Hoc|ARM
		Ad-Hoc|iPhone = Ad-Hoc|iPhone
		Ad-Hoc|iPhoneSimulator = Ad-Hoc|iPhoneSimulator
		Ad-Hoc|x64 = Ad-Hoc|x64
		Ad-Hoc|x86 = Ad-Hoc|x86
		AppStore|Any CPU = AppStore|Any CPU
		AppStore|ARM = AppStore|ARM
		AppStore|iPhone = AppStore|iPhone
		AppStore|iPhoneSimulator = AppStore|iPhoneSimulator
		AppStore|x64 = AppStore|x64
		AppStore|x86 = AppStore|x86
		Debug|Any CPU = Debug|Any CPU
		Debug|ARM = Debug|ARM
		Debug|iPhone = Debug|iPhone
		Debug|iPhoneSimulator = Debug|iPhoneSimulator
		Debug|x64 = Debug|x64
		Debug|x86 = Debug|x86
		Release|Any CPU = Release|Any CPU
		Release|ARM = Release|ARM
		Release|iPhone = Release|iPhone
		Release|iPhoneSimulator = Release|iPhoneSimulator
		Release|x64 = Release|x64
		Release|x86 = Release|x86
	EndGlobalSection
	GlobalSection(ProjectConfigurationPlatforms) = postSolution
		{23DBD29D-75E8-458A-966A-12D506A4AFE7}.Ad-Hoc|Any CPU.ActiveCfg = Release|Any CPU
		{23DBD29D-75E8-458A-966A-12D506A4AFE7}.Ad-Hoc|Any CPU.Build.0 = Release|Any CPU
		{23DBD29D-75E8-458A-966A-12D506A4AFE7}.Ad-Hoc|Any CPU.Deploy.0 = Release|Any CPU
		{23DBD29D-75E8-458A-966A-12D506A4AFE7}.Ad-Hoc|ARM.ActiveCfg = Release|Any CPU
		{23DBD29D-75E8-458A-966A-12D506A4AFE7}.Ad-Hoc|ARM.Build.0 = Release|Any CPU
		{23DBD29D-75E8-458A-966A-12D506A4AFE7}.Ad-Hoc|ARM.Deploy.0 = Release|Any CPU
		{23DBD29D-75E8-458A-966A-12D506A4AFE7}.Ad-Hoc|iPhone.ActiveCfg = Release|Any CPU
		{23DBD29D-75E8-458A-966A-12D506A4AFE7}.Ad-Hoc|iPhone.Build.0 = Release|Any CPU
		{23DBD29D-75E8-458A-966A-12D506A4AFE7}.Ad-Hoc|iPhone.Deploy.0 = Release|Any CPU
		{23DBD29D-75E8-458A-966A-12D506A4AFE7}.Ad-Hoc|iPhoneSimulator.ActiveCfg = Release|Any CPU
		{23DBD29D-75E8-458A-966A-12D506A4AFE7}.Ad-Hoc|iPhoneSimulator.Build.0 = Release|Any CPU
		{23DBD29D-75E8-458A-966A-12D506A4AFE7}.Ad-Hoc|iPhoneSimulator.Deploy.0 = Release|Any CPU
		{23DBD29D-75E8-458A-966A-12D506A4AFE7}.Ad-Hoc|x64.ActiveCfg = Release|Any CPU
		{23DBD29D-75E8-458A-966A-12D506A4AFE7}.Ad-Hoc|x64.Build.0 = Release|Any CPU
		{23DBD29D-75E8-458A-966A-12D506A4AFE7}.Ad-Hoc|x64.Deploy.0 = Release|Any CPU
		{23DBD29D-75E8-458A-966A-12D506A4AFE7}.Ad-Hoc|x86.ActiveCfg = Release|Any CPU
		{23DBD29D-75E8-458A-966A-12D506A4AFE7}.Ad-Hoc|x86.Build.0 = Release|Any CPU
		{23DBD29D-75E8-458A-966A-12D506A4AFE7}.Ad-Hoc|x86.Deploy.0 = Release|Any CPU
		{23DBD29D-75E8-458A-966A-12D506A4AFE7}.AppStore|Any CPU.ActiveCfg = Release|Any CPU
		{23DBD29D-75E8-458A-966A-12D506A4AFE7}.AppStore|Any CPU.Build.0 = Release|Any CPU
		{23DBD29D-75E8-458A-966A-12D506A4AFE7}.AppStore|Any CPU.Deploy.0 = Release|Any CPU
		{23DBD29D-75E8-458A-966A-12D506A4AFE7}.AppStore|ARM.ActiveCfg = Release|Any CPU
		{23DBD29D-75E8-458A-966A-12D506A4AFE7}.AppStore|ARM.Build.0 = Release|Any CPU
		{23DBD29D-75E8-458A-966A-12D506A4AFE7}.AppStore|ARM.Deploy.0 = Release|Any CPU
		{23DBD29D-75E8-458A-966A-12D506A4AFE7}.AppStore|iPhone.ActiveCfg = Release|Any CPU
		{23DBD29D-75E8-458A-966A-12D506A4AFE7}.AppStore|iPhone.Build.0 = Release|Any CPU
		{23DBD29D-75E8-458A-966A-12D506A4AFE7}.AppStore|iPhone.Deploy.0 = Release|Any CPU
		{23DBD29D-75E8-458A-966A-12D506A4AFE7}.AppStore|iPhoneSimulator.ActiveCfg = Release|Any CPU
		{23DBD29D-75E8-458A-966A-12D506A4AFE7}.AppStore|iPhoneSimulator.Build.0 = Release|Any CPU
		{23DBD29D-75E8-458A-966A-12D506A4AFE7}.AppStore|iPhoneSimulator.Deploy.0 = Release|Any CPU
		{23DBD29D-75E8-458A-966A-12D506A4AFE7}.AppStore|x64.ActiveCfg = Release|Any CPU
		{23DBD29D-75E8-458A-966A-12D506A4AFE7}.AppStore|x64.Build.0 = Release|Any CPU
		{23DBD29D-75E8-458A-966A-12D506A4AFE7}.AppStore|x64.Deploy.0 = Release|Any CPU
		{23DBD29D-75E8-458A-966A-12D506A4AFE7}.AppStore|x86.ActiveCfg = Release|Any CPU
		{23DBD29D-75E8-458A-966A-12D506A4AFE7}.AppStore|x86.Build.0 = Release|Any CPU
		{23DBD29D-75E8-458A-966A-12D506A4AFE7}.AppStore|x86.Deploy.0 = Release|Any CPU
		{23DBD29D-75E8-458A-966A-12D506A4AFE7}.Debug|Any CPU.ActiveCfg = Debug|Any CPU
		{23DBD29D-75E8-458A-966A-12D506A4AFE7}.Debug|Any CPU.Build.0 = Debug|Any CPU
		{23DBD29D-75E8-458A-966A-12D506A4AFE7}.Debug|Any CPU.Deploy.0 = Debug|Any CPU
		{23DBD29D-75E8-458A-966A-12D506A4AFE7}.Debug|ARM.ActiveCfg = Debug|Any CPU
		{23DBD29D-75E8-458A-966A-12D506A4AFE7}.Debug|ARM.Build.0 = Debug|Any CPU
		{23DBD29D-75E8-458A-966A-12D506A4AFE7}.Debug|ARM.Deploy.0 = Debug|Any CPU
		{23DBD29D-75E8-458A-966A-12D506A4AFE7}.Debug|iPhone.ActiveCfg = Debug|Any CPU
		{23DBD29D-75E8-458A-966A-12D506A4AFE7}.Debug|iPhone.Build.0 = Debug|Any CPU
		{23DBD29D-75E8-458A-966A-12D506A4AFE7}.Debug|iPhone.Deploy.0 = Debug|Any CPU
		{23DBD29D-75E8-458A-966A-12D506A4AFE7}.Debug|iPhoneSimulator.ActiveCfg = Debug|Any CPU
		{23DBD29D-75E8-458A-966A-12D506A4AFE7}.Debug|iPhoneSimulator.Build.0 = Debug|Any CPU
		{23DBD29D-75E8-458A-966A-12D506A4AFE7}.Debug|iPhoneSimulator.Deploy.0 = Debug|Any CPU
		{23DBD29D-75E8-458A-966A-12D506A4AFE7}.Debug|x64.ActiveCfg = Debug|Any CPU
		{23DBD29D-75E8-458A-966A-12D506A4AFE7}.Debug|x64.Build.0 = Debug|Any CPU
		{23DBD29D-75E8-458A-966A-12D506A4AFE7}.Debug|x64.Deploy.0 = Debug|Any CPU
		{23DBD29D-75E8-458A-966A-12D506A4AFE7}.Debug|x86.ActiveCfg = Debug|Any CPU
		{23DBD29D-75E8-458A-966A-12D506A4AFE7}.Debug|x86.Build.0 = Debug|Any CPU
		{23DBD29D-75E8-458A-966A-12D506A4AFE7}.Debug|x86.Deploy.0 = Debug|Any CPU
		{23DBD29D-75E8-458A-966A-12D506A4AFE7}.Release|Any CPU.ActiveCfg = Release|Any CPU
		{23DBD29D-75E8-458A-966A-12D506A4AFE7}.Release|Any CPU.Build.0 = Release|Any CPU
		{23DBD29D-75E8-458A-966A-12D506A4AFE7}.Release|Any CPU.Deploy.0 = Release|Any CPU
		{23DBD29D-75E8-458A-966A-12D506A4AFE7}.Release|ARM.ActiveCfg = Release|Any CPU
		{23DBD29D-75E8-458A-966A-12D506A4AFE7}.Release|ARM.Build.0 = Release|Any CPU
		{23DBD29D-75E8-458A-966A-12D506A4AFE7}.Release|ARM.Deploy.0 = Release|Any CPU
		{23DBD29D-75E8-458A-966A-12D506A4AFE7}.Release|iPhone.ActiveCfg = Release|Any CPU
		{23DBD29D-75E8-458A-966A-12D506A4AFE7}.Release|iPhone.Build.0 = Release|Any CPU
		{23DBD29D-75E8-458A-966A-12D506A4AFE7}.Release|iPhone.Deploy.0 = Release|Any CPU
		{23DBD29D-75E8-458A-966A-12D506A4AFE7}.Release|iPhoneSimulator.ActiveCfg = Release|Any CPU
		{23DBD29D-75E8-458A-966A-12D506A4AFE7}.Release|iPhoneSimulator.Build.0 = Release|Any CPU
		{23DBD29D-75E8-458A-966A-12D506A4AFE7}.Release|iPhoneSimulator.Deploy.0 = Release|Any CPU
		{23DBD29D-75E8-458A-966A-12D506A4AFE7}.Release|x64.ActiveCfg = Release|Any CPU
		{23DBD29D-75E8-458A-966A-12D506A4AFE7}.Release|x64.Build.0 = Release|Any CPU
		{23DBD29D-75E8-458A-966A-12D506A4AFE7}.Release|x64.Deploy.0 = Release|Any CPU
		{23DBD29D-75E8-458A-966A-12D506A4AFE7}.Release|x86.ActiveCfg = Release|Any CPU
		{23DBD29D-75E8-458A-966A-12D506A4AFE7}.Release|x86.Build.0 = Release|Any CPU
		{23DBD29D-75E8-458A-966A-12D506A4AFE7}.Release|x86.Deploy.0 = Release|Any CPU
		{9ACBAF31-DD79-4962-852B-7CC3D38DFAF1}.Ad-Hoc|Any CPU.ActiveCfg = Ad-Hoc|iPhone
		{9ACBAF31-DD79-4962-852B-7CC3D38DFAF1}.Ad-Hoc|ARM.ActiveCfg = Ad-Hoc|iPhone
		{9ACBAF31-DD79-4962-852B-7CC3D38DFAF1}.Ad-Hoc|iPhone.ActiveCfg = Ad-Hoc|iPhone
		{9ACBAF31-DD79-4962-852B-7CC3D38DFAF1}.Ad-Hoc|iPhone.Build.0 = Ad-Hoc|iPhone
		{9ACBAF31-DD79-4962-852B-7CC3D38DFAF1}.Ad-Hoc|iPhoneSimulator.ActiveCfg = Ad-Hoc|iPhoneSimulator
		{9ACBAF31-DD79-4962-852B-7CC3D38DFAF1}.Ad-Hoc|iPhoneSimulator.Build.0 = Ad-Hoc|iPhoneSimulator
		{9ACBAF31-DD79-4962-852B-7CC3D38DFAF1}.Ad-Hoc|x64.ActiveCfg = Ad-Hoc|iPhone
		{9ACBAF31-DD79-4962-852B-7CC3D38DFAF1}.Ad-Hoc|x86.ActiveCfg = Ad-Hoc|iPhone
		{9ACBAF31-DD79-4962-852B-7CC3D38DFAF1}.AppStore|Any CPU.ActiveCfg = AppStore|iPhone
		{9ACBAF31-DD79-4962-852B-7CC3D38DFAF1}.AppStore|ARM.ActiveCfg = AppStore|iPhone
		{9ACBAF31-DD79-4962-852B-7CC3D38DFAF1}.AppStore|iPhone.ActiveCfg = AppStore|iPhone
		{9ACBAF31-DD79-4962-852B-7CC3D38DFAF1}.AppStore|iPhone.Build.0 = AppStore|iPhone
		{9ACBAF31-DD79-4962-852B-7CC3D38DFAF1}.AppStore|iPhoneSimulator.ActiveCfg = AppStore|iPhoneSimulator
		{9ACBAF31-DD79-4962-852B-7CC3D38DFAF1}.AppStore|iPhoneSimulator.Build.0 = AppStore|iPhoneSimulator
		{9ACBAF31-DD79-4962-852B-7CC3D38DFAF1}.AppStore|x64.ActiveCfg = AppStore|iPhone
		{9ACBAF31-DD79-4962-852B-7CC3D38DFAF1}.AppStore|x86.ActiveCfg = AppStore|iPhone
		{9ACBAF31-DD79-4962-852B-7CC3D38DFAF1}.Debug|Any CPU.ActiveCfg = Debug|iPhone
		{9ACBAF31-DD79-4962-852B-7CC3D38DFAF1}.Debug|ARM.ActiveCfg = Debug|iPhone
		{9ACBAF31-DD79-4962-852B-7CC3D38DFAF1}.Debug|iPhone.ActiveCfg = Debug|iPhone
		{9ACBAF31-DD79-4962-852B-7CC3D38DFAF1}.Debug|iPhone.Build.0 = Debug|iPhone
		{9ACBAF31-DD79-4962-852B-7CC3D38DFAF1}.Debug|iPhoneSimulator.ActiveCfg = Debug|iPhoneSimulator
		{9ACBAF31-DD79-4962-852B-7CC3D38DFAF1}.Debug|iPhoneSimulator.Build.0 = Debug|iPhoneSimulator
		{9ACBAF31-DD79-4962-852B-7CC3D38DFAF1}.Debug|x64.ActiveCfg = Debug|iPhone
		{9ACBAF31-DD79-4962-852B-7CC3D38DFAF1}.Debug|x86.ActiveCfg = Debug|iPhone
		{9ACBAF31-DD79-4962-852B-7CC3D38DFAF1}.Release|Any CPU.ActiveCfg = Release|iPhone
		{9ACBAF31-DD79-4962-852B-7CC3D38DFAF1}.Release|ARM.ActiveCfg = Release|iPhone
		{9ACBAF31-DD79-4962-852B-7CC3D38DFAF1}.Release|iPhone.ActiveCfg = Release|iPhone
		{9ACBAF31-DD79-4962-852B-7CC3D38DFAF1}.Release|iPhone.Build.0 = Release|iPhone
		{9ACBAF31-DD79-4962-852B-7CC3D38DFAF1}.Release|iPhoneSimulator.ActiveCfg = Release|iPhoneSimulator
		{9ACBAF31-DD79-4962-852B-7CC3D38DFAF1}.Release|iPhoneSimulator.Build.0 = Release|iPhoneSimulator
		{9ACBAF31-DD79-4962-852B-7CC3D38DFAF1}.Release|x64.ActiveCfg = Release|iPhone
		{9ACBAF31-DD79-4962-852B-7CC3D38DFAF1}.Release|x86.ActiveCfg = Release|iPhone
		{B394FAAD-6532-4527-B422-AADE96E4ED75}.Ad-Hoc|Any CPU.ActiveCfg = Release|x86
		{B394FAAD-6532-4527-B422-AADE96E4ED75}.Ad-Hoc|Any CPU.Build.0 = Release|x86
		{B394FAAD-6532-4527-B422-AADE96E4ED75}.Ad-Hoc|Any CPU.Deploy.0 = Release|x86
		{B394FAAD-6532-4527-B422-AADE96E4ED75}.Ad-Hoc|ARM.ActiveCfg = Release|ARM
		{B394FAAD-6532-4527-B422-AADE96E4ED75}.Ad-Hoc|ARM.Build.0 = Release|ARM
		{B394FAAD-6532-4527-B422-AADE96E4ED75}.Ad-Hoc|ARM.Deploy.0 = Release|ARM
		{B394FAAD-6532-4527-B422-AADE96E4ED75}.Ad-Hoc|iPhone.ActiveCfg = Release|x86
		{B394FAAD-6532-4527-B422-AADE96E4ED75}.Ad-Hoc|iPhone.Build.0 = Release|x86
		{B394FAAD-6532-4527-B422-AADE96E4ED75}.Ad-Hoc|iPhone.Deploy.0 = Release|x86
		{B394FAAD-6532-4527-B422-AADE96E4ED75}.Ad-Hoc|iPhoneSimulator.ActiveCfg = Release|x86
		{B394FAAD-6532-4527-B422-AADE96E4ED75}.Ad-Hoc|iPhoneSimulator.Build.0 = Release|x86
		{B394FAAD-6532-4527-B422-AADE96E4ED75}.Ad-Hoc|iPhoneSimulator.Deploy.0 = Release|x86
		{B394FAAD-6532-4527-B422-AADE96E4ED75}.Ad-Hoc|x64.ActiveCfg = Release|x64
		{B394FAAD-6532-4527-B422-AADE96E4ED75}.Ad-Hoc|x64.Build.0 = Release|x64
		{B394FAAD-6532-4527-B422-AADE96E4ED75}.Ad-Hoc|x64.Deploy.0 = Release|x64
		{B394FAAD-6532-4527-B422-AADE96E4ED75}.Ad-Hoc|x86.ActiveCfg = Release|x86
		{B394FAAD-6532-4527-B422-AADE96E4ED75}.Ad-Hoc|x86.Build.0 = Release|x86
		{B394FAAD-6532-4527-B422-AADE96E4ED75}.Ad-Hoc|x86.Deploy.0 = Release|x86
		{B394FAAD-6532-4527-B422-AADE96E4ED75}.AppStore|Any CPU.ActiveCfg = Release|x86
		{B394FAAD-6532-4527-B422-AADE96E4ED75}.AppStore|Any CPU.Build.0 = Release|x86
		{B394FAAD-6532-4527-B422-AADE96E4ED75}.AppStore|Any CPU.Deploy.0 = Release|x86
		{B394FAAD-6532-4527-B422-AADE96E4ED75}.AppStore|ARM.ActiveCfg = Release|ARM
		{B394FAAD-6532-4527-B422-AADE96E4ED75}.AppStore|ARM.Build.0 = Release|ARM
		{B394FAAD-6532-4527-B422-AADE96E4ED75}.AppStore|ARM.Deploy.0 = Release|ARM
		{B394FAAD-6532-4527-B422-AADE96E4ED75}.AppStore|iPhone.ActiveCfg = Release|x86
		{B394FAAD-6532-4527-B422-AADE96E4ED75}.AppStore|iPhone.Build.0 = Release|x86
		{B394FAAD-6532-4527-B422-AADE96E4ED75}.AppStore|iPhone.Deploy.0 = Release|x86
		{B394FAAD-6532-4527-B422-AADE96E4ED75}.AppStore|iPhoneSimulator.ActiveCfg = Release|x86
		{B394FAAD-6532-4527-B422-AADE96E4ED75}.AppStore|iPhoneSimulator.Build.0 = Release|x86
		{B394FAAD-6532-4527-B422-AADE96E4ED75}.AppStore|iPhoneSimulator.Deploy.0 = Release|x86
		{B394FAAD-6532-4527-B422-AADE96E4ED75}.AppStore|x64.ActiveCfg = Release|x64
		{B394FAAD-6532-4527-B422-AADE96E4ED75}.AppStore|x64.Build.0 = Release|x64
		{B394FAAD-6532-4527-B422-AADE96E4ED75}.AppStore|x64.Deploy.0 = Release|x64
		{B394FAAD-6532-4527-B422-AADE96E4ED75}.AppStore|x86.ActiveCfg = Release|x86
		{B394FAAD-6532-4527-B422-AADE96E4ED75}.AppStore|x86.Build.0 = Release|x86
		{B394FAAD-6532-4527-B422-AADE96E4ED75}.AppStore|x86.Deploy.0 = Release|x86
		{B394FAAD-6532-4527-B422-AADE96E4ED75}.Debug|Any CPU.ActiveCfg = Debug|x86
		{B394FAAD-6532-4527-B422-AADE96E4ED75}.Debug|ARM.ActiveCfg = Debug|ARM
		{B394FAAD-6532-4527-B422-AADE96E4ED75}.Debug|ARM.Build.0 = Debug|ARM
		{B394FAAD-6532-4527-B422-AADE96E4ED75}.Debug|ARM.Deploy.0 = Debug|ARM
		{B394FAAD-6532-4527-B422-AADE96E4ED75}.Debug|iPhone.ActiveCfg = Debug|x86
		{B394FAAD-6532-4527-B422-AADE96E4ED75}.Debug|iPhoneSimulator.ActiveCfg = Debug|x86
		{B394FAAD-6532-4527-B422-AADE96E4ED75}.Debug|x64.ActiveCfg = Debug|x64
		{B394FAAD-6532-4527-B422-AADE96E4ED75}.Debug|x64.Build.0 = Debug|x64
		{B394FAAD-6532-4527-B422-AADE96E4ED75}.Debug|x64.Deploy.0 = Debug|x64
		{B394FAAD-6532-4527-B422-AADE96E4ED75}.Debug|x86.ActiveCfg = Debug|x86
		{B394FAAD-6532-4527-B422-AADE96E4ED75}.Debug|x86.Build.0 = Debug|x86
		{B394FAAD-6532-4527-B422-AADE96E4ED75}.Debug|x86.Deploy.0 = Debug|x86
		{B394FAAD-6532-4527-B422-AADE96E4ED75}.Release|Any CPU.ActiveCfg = Release|x86
		{B394FAAD-6532-4527-B422-AADE96E4ED75}.Release|ARM.ActiveCfg = Release|ARM
		{B394FAAD-6532-4527-B422-AADE96E4ED75}.Release|ARM.Build.0 = Release|ARM
		{B394FAAD-6532-4527-B422-AADE96E4ED75}.Release|ARM.Deploy.0 = Release|ARM
		{B394FAAD-6532-4527-B422-AADE96E4ED75}.Release|iPhone.ActiveCfg = Release|x86
		{B394FAAD-6532-4527-B422-AADE96E4ED75}.Release|iPhoneSimulator.ActiveCfg = Release|x86
		{B394FAAD-6532-4527-B422-AADE96E4ED75}.Release|x64.ActiveCfg = Release|x64
		{B394FAAD-6532-4527-B422-AADE96E4ED75}.Release|x64.Build.0 = Release|x64
		{B394FAAD-6532-4527-B422-AADE96E4ED75}.Release|x64.Deploy.0 = Release|x64
		{B394FAAD-6532-4527-B422-AADE96E4ED75}.Release|x86.ActiveCfg = Release|x86
		{B394FAAD-6532-4527-B422-AADE96E4ED75}.Release|x86.Build.0 = Release|x86
		{B394FAAD-6532-4527-B422-AADE96E4ED75}.Release|x86.Deploy.0 = Release|x86
		{1E466095-5630-4332-AC4C-7891434D721D}.Ad-Hoc|Any CPU.ActiveCfg = Debug|Any CPU
		{1E466095-5630-4332-AC4C-7891434D721D}.Ad-Hoc|Any CPU.Build.0 = Debug|Any CPU
		{1E466095-5630-4332-AC4C-7891434D721D}.Ad-Hoc|ARM.ActiveCfg = Debug|Any CPU
		{1E466095-5630-4332-AC4C-7891434D721D}.Ad-Hoc|ARM.Build.0 = Debug|Any CPU
		{1E466095-5630-4332-AC4C-7891434D721D}.Ad-Hoc|iPhone.ActiveCfg = Debug|Any CPU
		{1E466095-5630-4332-AC4C-7891434D721D}.Ad-Hoc|iPhone.Build.0 = Debug|Any CPU
		{1E466095-5630-4332-AC4C-7891434D721D}.Ad-Hoc|iPhoneSimulator.ActiveCfg = Debug|Any CPU
		{1E466095-5630-4332-AC4C-7891434D721D}.Ad-Hoc|iPhoneSimulator.Build.0 = Debug|Any CPU
		{1E466095-5630-4332-AC4C-7891434D721D}.Ad-Hoc|x64.ActiveCfg = Debug|Any CPU
		{1E466095-5630-4332-AC4C-7891434D721D}.Ad-Hoc|x64.Build.0 = Debug|Any CPU
		{1E466095-5630-4332-AC4C-7891434D721D}.Ad-Hoc|x86.ActiveCfg = Debug|Any CPU
		{1E466095-5630-4332-AC4C-7891434D721D}.Ad-Hoc|x86.Build.0 = Debug|Any CPU
		{1E466095-5630-4332-AC4C-7891434D721D}.AppStore|Any CPU.ActiveCfg = Debug|Any CPU
		{1E466095-5630-4332-AC4C-7891434D721D}.AppStore|Any CPU.Build.0 = Debug|Any CPU
		{1E466095-5630-4332-AC4C-7891434D721D}.AppStore|ARM.ActiveCfg = Debug|Any CPU
		{1E466095-5630-4332-AC4C-7891434D721D}.AppStore|ARM.Build.0 = Debug|Any CPU
		{1E466095-5630-4332-AC4C-7891434D721D}.AppStore|iPhone.ActiveCfg = Debug|Any CPU
		{1E466095-5630-4332-AC4C-7891434D721D}.AppStore|iPhone.Build.0 = Debug|Any CPU
		{1E466095-5630-4332-AC4C-7891434D721D}.AppStore|iPhoneSimulator.ActiveCfg = Debug|Any CPU
		{1E466095-5630-4332-AC4C-7891434D721D}.AppStore|iPhoneSimulator.Build.0 = Debug|Any CPU
		{1E466095-5630-4332-AC4C-7891434D721D}.AppStore|x64.ActiveCfg = Debug|Any CPU
		{1E466095-5630-4332-AC4C-7891434D721D}.AppStore|x64.Build.0 = Debug|Any CPU
		{1E466095-5630-4332-AC4C-7891434D721D}.AppStore|x86.ActiveCfg = Debug|Any CPU
		{1E466095-5630-4332-AC4C-7891434D721D}.AppStore|x86.Build.0 = Debug|Any CPU
		{1E466095-5630-4332-AC4C-7891434D721D}.Debug|Any CPU.ActiveCfg = Debug|Any CPU
		{1E466095-5630-4332-AC4C-7891434D721D}.Debug|Any CPU.Build.0 = Debug|Any CPU
		{1E466095-5630-4332-AC4C-7891434D721D}.Debug|ARM.ActiveCfg = Debug|Any CPU
		{1E466095-5630-4332-AC4C-7891434D721D}.Debug|ARM.Build.0 = Debug|Any CPU
		{1E466095-5630-4332-AC4C-7891434D721D}.Debug|iPhone.ActiveCfg = Debug|Any CPU
		{1E466095-5630-4332-AC4C-7891434D721D}.Debug|iPhone.Build.0 = Debug|Any CPU
		{1E466095-5630-4332-AC4C-7891434D721D}.Debug|iPhoneSimulator.ActiveCfg = Debug|Any CPU
		{1E466095-5630-4332-AC4C-7891434D721D}.Debug|iPhoneSimulator.Build.0 = Debug|Any CPU
		{1E466095-5630-4332-AC4C-7891434D721D}.Debug|x64.ActiveCfg = Debug|Any CPU
		{1E466095-5630-4332-AC4C-7891434D721D}.Debug|x64.Build.0 = Debug|Any CPU
		{1E466095-5630-4332-AC4C-7891434D721D}.Debug|x86.ActiveCfg = Debug|Any CPU
		{1E466095-5630-4332-AC4C-7891434D721D}.Debug|x86.Build.0 = Debug|Any CPU
		{1E466095-5630-4332-AC4C-7891434D721D}.Release|Any CPU.ActiveCfg = Release|Any CPU
		{1E466095-5630-4332-AC4C-7891434D721D}.Release|Any CPU.Build.0 = Release|Any CPU
		{1E466095-5630-4332-AC4C-7891434D721D}.Release|ARM.ActiveCfg = Release|Any CPU
		{1E466095-5630-4332-AC4C-7891434D721D}.Release|ARM.Build.0 = Release|Any CPU
		{1E466095-5630-4332-AC4C-7891434D721D}.Release|iPhone.ActiveCfg = Release|Any CPU
		{1E466095-5630-4332-AC4C-7891434D721D}.Release|iPhone.Build.0 = Release|Any CPU
		{1E466095-5630-4332-AC4C-7891434D721D}.Release|iPhoneSimulator.ActiveCfg = Release|Any CPU
		{1E466095-5630-4332-AC4C-7891434D721D}.Release|iPhoneSimulator.Build.0 = Release|Any CPU
		{1E466095-5630-4332-AC4C-7891434D721D}.Release|x64.ActiveCfg = Release|Any CPU
		{1E466095-5630-4332-AC4C-7891434D721D}.Release|x64.Build.0 = Release|Any CPU
		{1E466095-5630-4332-AC4C-7891434D721D}.Release|x86.ActiveCfg = Release|Any CPU
		{1E466095-5630-4332-AC4C-7891434D721D}.Release|x86.Build.0 = Release|Any CPU
	EndGlobalSection
	GlobalSection(SolutionProperties) = preSolution
		HideSolutionNode = FALSE
	EndGlobalSection
	GlobalSection(ExtensibilityGlobals) = postSolution
		SolutionGuid = {C6EBBEFE-8EB2-496B-9A25-1EE20B34145A}
	EndGlobalSection
EndGlobal
