
Microsoft Visual Studio Solution File, Format Version 12.00
# Visual Studio 15
VisualStudioVersion = 15.0.27130.2024
MinimumVisualStudioVersion = 10.0.40219.1
Project("{FAE04EC0-301F-11D3-BF4B-00C04F79EFBC}") = "TeachingTheater.Android", "TeachingTheater\TeachingTheater.Android\TeachingTheater.Android.csproj", "{1D1BB022-803D-4590-869B-6B2966A59DB8}"
EndProject
Project("{FAE04EC0-301F-11D3-BF4B-00C04F79EFBC}") = "TeachingTheater.iOS", "TeachingTheater\TeachingTheater.iOS\TeachingTheater.iOS.csproj", "{EA8A78D6-72D0-461A-B388-2A708C6E94DB}"
EndProject
Project("{FAE04EC0-301F-11D3-BF4B-00C04F79EFBC}") = "TeachingTheater.UWP", "TeachingTheater\TeachingTheater.UWP\TeachingTheater.UWP.csproj", "{B9D9FEB3-A4FF-4F23-88D5-52E4052D8292}"
EndProject
Project("{D954291E-2A0B-460D-934E-DC6B0785DB48}") = "TeachingTheater", "TeachingTheater\TeachingTheater\TeachingTheater.shproj", "{2A9CA976-7B47-4E94-8680-9087E21B5012}"
EndProject
Global
	GlobalSection(SharedMSBuildProjectFiles) = preSolution
		TeachingTheater\TeachingTheater\TeachingTheater.projitems*{1d1bb022-803d-4590-869b-6b2966a59db8}*SharedItemsImports = 4
		TeachingTheater\TeachingTheater\TeachingTheater.projitems*{2a9ca976-7b47-4e94-8680-9087e21b5012}*SharedItemsImports = 13
		TeachingTheater\TeachingTheater\TeachingTheater.projitems*{b9d9feb3-a4ff-4f23-88d5-52e4052d8292}*SharedItemsImports = 4
		TeachingTheater\TeachingTheater\TeachingTheater.projitems*{ea8a78d6-72d0-461a-b388-2a708c6e94db}*SharedItemsImports = 4
	EndGlobalSection
	GlobalSection(SolutionConfigurationPlatforms) = preSolution
		Ad-Hoc|Any CPU = Ad-Hoc|Any CPU
		Ad-Hoc|ARM = Ad-Hoc|ARM
		Ad-Hoc|iPhone = Ad-Hoc|iPhone
		Ad-Hoc|iPhoneSimulator = Ad-Hoc|iPhoneSimulator
		Ad-Hoc|x64 = Ad-Hoc|x64
		Ad-Hoc|x86 = Ad-Hoc|x86
		AppStore|Any CPU = AppStore|Any CPU
		AppStore|ARM = AppStore|ARM
		AppStore|iPhone = AppStore|iPhone
		AppStore|iPhoneSimulator = AppStore|iPhoneSimulator
		AppStore|x64 = AppStore|x64
		AppStore|x86 = AppStore|x86
		Debug|Any CPU = Debug|Any CPU
		Debug|ARM = Debug|ARM
		Debug|iPhone = Debug|iPhone
		Debug|iPhoneSimulator = Debug|iPhoneSimulator
		Debug|x64 = Debug|x64
		Debug|x86 = Debug|x86
		Release|Any CPU = Release|Any CPU
		Release|ARM = Release|ARM
		Release|iPhone = Release|iPhone
		Release|iPhoneSimulator = Release|iPhoneSimulator
		Release|x64 = Release|x64
		Release|x86 = Release|x86
	EndGlobalSection
	GlobalSection(ProjectConfigurationPlatforms) = postSolution
		{1D1BB022-803D-4590-869B-6B2966A59DB8}.Ad-Hoc|Any CPU.ActiveCfg = Release|Any CPU
		{1D1BB022-803D-4590-869B-6B2966A59DB8}.Ad-Hoc|Any CPU.Build.0 = Release|Any CPU
		{1D1BB022-803D-4590-869B-6B2966A59DB8}.Ad-Hoc|Any CPU.Deploy.0 = Release|Any CPU
		{1D1BB022-803D-4590-869B-6B2966A59DB8}.Ad-Hoc|ARM.ActiveCfg = Release|Any CPU
		{1D1BB022-803D-4590-869B-6B2966A59DB8}.Ad-Hoc|ARM.Build.0 = Release|Any CPU
		{1D1BB022-803D-4590-869B-6B2966A59DB8}.Ad-Hoc|ARM.Deploy.0 = Release|Any CPU
		{1D1BB022-803D-4590-869B-6B2966A59DB8}.Ad-Hoc|iPhone.ActiveCfg = Release|Any CPU
		{1D1BB022-803D-4590-869B-6B2966A59DB8}.Ad-Hoc|iPhone.Build.0 = Release|Any CPU
		{1D1BB022-803D-4590-869B-6B2966A59DB8}.Ad-Hoc|iPhone.Deploy.0 = Release|Any CPU
		{1D1BB022-803D-4590-869B-6B2966A59DB8}.Ad-Hoc|iPhoneSimulator.ActiveCfg = Release|Any CPU
		{1D1BB022-803D-4590-869B-6B2966A59DB8}.Ad-Hoc|iPhoneSimulator.Build.0 = Release|Any CPU
		{1D1BB022-803D-4590-869B-6B2966A59DB8}.Ad-Hoc|iPhoneSimulator.Deploy.0 = Release|Any CPU
		{1D1BB022-803D-4590-869B-6B2966A59DB8}.Ad-Hoc|x64.ActiveCfg = Release|Any CPU
		{1D1BB022-803D-4590-869B-6B2966A59DB8}.Ad-Hoc|x64.Build.0 = Release|Any CPU
		{1D1BB022-803D-4590-869B-6B2966A59DB8}.Ad-Hoc|x64.Deploy.0 = Release|Any CPU
		{1D1BB022-803D-4590-869B-6B2966A59DB8}.Ad-Hoc|x86.ActiveCfg = Release|Any CPU
		{1D1BB022-803D-4590-869B-6B2966A59DB8}.Ad-Hoc|x86.Build.0 = Release|Any CPU
		{1D1BB022-803D-4590-869B-6B2966A59DB8}.Ad-Hoc|x86.Deploy.0 = Release|Any CPU
		{1D1BB022-803D-4590-869B-6B2966A59DB8}.AppStore|Any CPU.ActiveCfg = Release|Any CPU
		{1D1BB022-803D-4590-869B-6B2966A59DB8}.AppStore|Any CPU.Build.0 = Release|Any CPU
		{1D1BB022-803D-4590-869B-6B2966A59DB8}.AppStore|Any CPU.Deploy.0 = Release|Any CPU
		{1D1BB022-803D-4590-869B-6B2966A59DB8}.AppStore|ARM.ActiveCfg = Release|Any CPU
		{1D1BB022-803D-4590-869B-6B2966A59DB8}.AppStore|ARM.Build.0 = Release|Any CPU
		{1D1BB022-803D-4590-869B-6B2966A59DB8}.AppStore|ARM.Deploy.0 = Release|Any CPU
		{1D1BB022-803D-4590-869B-6B2966A59DB8}.AppStore|iPhone.ActiveCfg = Release|Any CPU
		{1D1BB022-803D-4590-869B-6B2966A59DB8}.AppStore|iPhone.Build.0 = Release|Any CPU
		{1D1BB022-803D-4590-869B-6B2966A59DB8}.AppStore|iPhone.Deploy.0 = Release|Any CPU
		{1D1BB022-803D-4590-869B-6B2966A59DB8}.AppStore|iPhoneSimulator.ActiveCfg = Release|Any CPU
		{1D1BB022-803D-4590-869B-6B2966A59DB8}.AppStore|iPhoneSimulator.Build.0 = Release|Any CPU
		{1D1BB022-803D-4590-869B-6B2966A59DB8}.AppStore|iPhoneSimulator.Deploy.0 = Release|Any CPU
		{1D1BB022-803D-4590-869B-6B2966A59DB8}.AppStore|x64.ActiveCfg = Release|Any CPU
		{1D1BB022-803D-4590-869B-6B2966A59DB8}.AppStore|x64.Build.0 = Release|Any CPU
		{1D1BB022-803D-4590-869B-6B2966A59DB8}.AppStore|x64.Deploy.0 = Release|Any CPU
		{1D1BB022-803D-4590-869B-6B2966A59DB8}.AppStore|x86.ActiveCfg = Release|Any CPU
		{1D1BB022-803D-4590-869B-6B2966A59DB8}.AppStore|x86.Build.0 = Release|Any CPU
		{1D1BB022-803D-4590-869B-6B2966A59DB8}.AppStore|x86.Deploy.0 = Release|Any CPU
		{1D1BB022-803D-4590-869B-6B2966A59DB8}.Debug|Any CPU.ActiveCfg = Debug|Any CPU
		{1D1BB022-803D-4590-869B-6B2966A59DB8}.Debug|Any CPU.Build.0 = Debug|Any CPU
		{1D1BB022-803D-4590-869B-6B2966A59DB8}.Debug|Any CPU.Deploy.0 = Debug|Any CPU
		{1D1BB022-803D-4590-869B-6B2966A59DB8}.Debug|ARM.ActiveCfg = Debug|Any CPU
		{1D1BB022-803D-4590-869B-6B2966A59DB8}.Debug|ARM.Build.0 = Debug|Any CPU
		{1D1BB022-803D-4590-869B-6B2966A59DB8}.Debug|ARM.Deploy.0 = Debug|Any CPU
		{1D1BB022-803D-4590-869B-6B2966A59DB8}.Debug|iPhone.ActiveCfg = Debug|Any CPU
		{1D1BB022-803D-4590-869B-6B2966A59DB8}.Debug|iPhone.Build.0 = Debug|Any CPU
		{1D1BB022-803D-4590-869B-6B2966A59DB8}.Debug|iPhone.Deploy.0 = Debug|Any CPU
		{1D1BB022-803D-4590-869B-6B2966A59DB8}.Debug|iPhoneSimulator.ActiveCfg = Debug|Any CPU
		{1D1BB022-803D-4590-869B-6B2966A59DB8}.Debug|iPhoneSimulator.Build.0 = Debug|Any CPU
		{1D1BB022-803D-4590-869B-6B2966A59DB8}.Debug|iPhoneSimulator.Deploy.0 = Debug|Any CPU
		{1D1BB022-803D-4590-869B-6B2966A59DB8}.Debug|x64.ActiveCfg = Debug|Any CPU
		{1D1BB022-803D-4590-869B-6B2966A59DB8}.Debug|x64.Build.0 = Debug|Any CPU
		{1D1BB022-803D-4590-869B-6B2966A59DB8}.Debug|x64.Deploy.0 = Debug|Any CPU
		{1D1BB022-803D-4590-869B-6B2966A59DB8}.Debug|x86.ActiveCfg = Debug|Any CPU
		{1D1BB022-803D-4590-869B-6B2966A59DB8}.Debug|x86.Build.0 = Debug|Any CPU
		{1D1BB022-803D-4590-869B-6B2966A59DB8}.Debug|x86.Deploy.0 = Debug|Any CPU
		{1D1BB022-803D-4590-869B-6B2966A59DB8}.Release|Any CPU.ActiveCfg = Release|Any CPU
		{1D1BB022-803D-4590-869B-6B2966A59DB8}.Release|Any CPU.Build.0 = Release|Any CPU
		{1D1BB022-803D-4590-869B-6B2966A59DB8}.Release|Any CPU.Deploy.0 = Release|Any CPU
		{1D1BB022-803D-4590-869B-6B2966A59DB8}.Release|ARM.ActiveCfg = Release|Any CPU
		{1D1BB022-803D-4590-869B-6B2966A59DB8}.Release|ARM.Build.0 = Release|Any CPU
		{1D1BB022-803D-4590-869B-6B2966A59DB8}.Release|ARM.Deploy.0 = Release|Any CPU
		{1D1BB022-803D-4590-869B-6B2966A59DB8}.Release|iPhone.ActiveCfg = Release|Any CPU
		{1D1BB022-803D-4590-869B-6B2966A59DB8}.Release|iPhone.Build.0 = Release|Any CPU
		{1D1BB022-803D-4590-869B-6B2966A59DB8}.Release|iPhone.Deploy.0 = Release|Any CPU
		{1D1BB022-803D-4590-869B-6B2966A59DB8}.Release|iPhoneSimulator.ActiveCfg = Release|Any CPU
		{1D1BB022-803D-4590-869B-6B2966A59DB8}.Release|iPhoneSimulator.Build.0 = Release|Any CPU
		{1D1BB022-803D-4590-869B-6B2966A59DB8}.Release|iPhoneSimulator.Deploy.0 = Release|Any CPU
		{1D1BB022-803D-4590-869B-6B2966A59DB8}.Release|x64.ActiveCfg = Release|Any CPU
		{1D1BB022-803D-4590-869B-6B2966A59DB8}.Release|x64.Build.0 = Release|Any CPU
		{1D1BB022-803D-4590-869B-6B2966A59DB8}.Release|x64.Deploy.0 = Release|Any CPU
		{1D1BB022-803D-4590-869B-6B2966A59DB8}.Release|x86.ActiveCfg = Release|Any CPU
		{1D1BB022-803D-4590-869B-6B2966A59DB8}.Release|x86.Build.0 = Release|Any CPU
		{1D1BB022-803D-4590-869B-6B2966A59DB8}.Release|x86.Deploy.0 = Release|Any CPU
		{EA8A78D6-72D0-461A-B388-2A708C6E94DB}.Ad-Hoc|Any CPU.ActiveCfg = Ad-Hoc|iPhone
		{EA8A78D6-72D0-461A-B388-2A708C6E94DB}.Ad-Hoc|ARM.ActiveCfg = Ad-Hoc|iPhone
		{EA8A78D6-72D0-461A-B388-2A708C6E94DB}.Ad-Hoc|iPhone.ActiveCfg = Ad-Hoc|iPhone
		{EA8A78D6-72D0-461A-B388-2A708C6E94DB}.Ad-Hoc|iPhone.Build.0 = Ad-Hoc|iPhone
		{EA8A78D6-72D0-461A-B388-2A708C6E94DB}.Ad-Hoc|iPhoneSimulator.ActiveCfg = Ad-Hoc|iPhoneSimulator
		{EA8A78D6-72D0-461A-B388-2A708C6E94DB}.Ad-Hoc|iPhoneSimulator.Build.0 = Ad-Hoc|iPhoneSimulator
		{EA8A78D6-72D0-461A-B388-2A708C6E94DB}.Ad-Hoc|x64.ActiveCfg = Ad-Hoc|iPhone
		{EA8A78D6-72D0-461A-B388-2A708C6E94DB}.Ad-Hoc|x86.ActiveCfg = Ad-Hoc|iPhone
		{EA8A78D6-72D0-461A-B388-2A708C6E94DB}.AppStore|Any CPU.ActiveCfg = AppStore|iPhone
		{EA8A78D6-72D0-461A-B388-2A708C6E94DB}.AppStore|ARM.ActiveCfg = AppStore|iPhone
		{EA8A78D6-72D0-461A-B388-2A708C6E94DB}.AppStore|iPhone.ActiveCfg = AppStore|iPhone
		{EA8A78D6-72D0-461A-B388-2A708C6E94DB}.AppStore|iPhone.Build.0 = AppStore|iPhone
		{EA8A78D6-72D0-461A-B388-2A708C6E94DB}.AppStore|iPhoneSimulator.ActiveCfg = AppStore|iPhoneSimulator
		{EA8A78D6-72D0-461A-B388-2A708C6E94DB}.AppStore|iPhoneSimulator.Build.0 = AppStore|iPhoneSimulator
		{EA8A78D6-72D0-461A-B388-2A708C6E94DB}.AppStore|x64.ActiveCfg = AppStore|iPhone
		{EA8A78D6-72D0-461A-B388-2A708C6E94DB}.AppStore|x86.ActiveCfg = AppStore|iPhone
		{EA8A78D6-72D0-461A-B388-2A708C6E94DB}.Debug|Any CPU.ActiveCfg = Debug|iPhone
		{EA8A78D6-72D0-461A-B388-2A708C6E94DB}.Debug|ARM.ActiveCfg = Debug|iPhone
		{EA8A78D6-72D0-461A-B388-2A708C6E94DB}.Debug|iPhone.ActiveCfg = Debug|iPhone
		{EA8A78D6-72D0-461A-B388-2A708C6E94DB}.Debug|iPhone.Build.0 = Debug|iPhone
		{EA8A78D6-72D0-461A-B388-2A708C6E94DB}.Debug|iPhoneSimulator.ActiveCfg = Debug|iPhoneSimulator
		{EA8A78D6-72D0-461A-B388-2A708C6E94DB}.Debug|iPhoneSimulator.Build.0 = Debug|iPhoneSimulator
		{EA8A78D6-72D0-461A-B388-2A708C6E94DB}.Debug|x64.ActiveCfg = Debug|iPhone
		{EA8A78D6-72D0-461A-B388-2A708C6E94DB}.Debug|x86.ActiveCfg = Debug|iPhone
		{EA8A78D6-72D0-461A-B388-2A708C6E94DB}.Release|Any CPU.ActiveCfg = Release|iPhone
		{EA8A78D6-72D0-461A-B388-2A708C6E94DB}.Release|ARM.ActiveCfg = Release|iPhone
		{EA8A78D6-72D0-461A-B388-2A708C6E94DB}.Release|iPhone.ActiveCfg = Release|iPhone
		{EA8A78D6-72D0-461A-B388-2A708C6E94DB}.Release|iPhone.Build.0 = Release|iPhone
		{EA8A78D6-72D0-461A-B388-2A708C6E94DB}.Release|iPhoneSimulator.ActiveCfg = Release|iPhoneSimulator
		{EA8A78D6-72D0-461A-B388-2A708C6E94DB}.Release|iPhoneSimulator.Build.0 = Release|iPhoneSimulator
		{EA8A78D6-72D0-461A-B388-2A708C6E94DB}.Release|x64.ActiveCfg = Release|iPhone
		{EA8A78D6-72D0-461A-B388-2A708C6E94DB}.Release|x86.ActiveCfg = Release|iPhone
		{B9D9FEB3-A4FF-4F23-88D5-52E4052D8292}.Ad-Hoc|Any CPU.ActiveCfg = Release|x86
		{B9D9FEB3-A4FF-4F23-88D5-52E4052D8292}.Ad-Hoc|Any CPU.Build.0 = Release|x86
		{B9D9FEB3-A4FF-4F23-88D5-52E4052D8292}.Ad-Hoc|Any CPU.Deploy.0 = Release|x86
		{B9D9FEB3-A4FF-4F23-88D5-52E4052D8292}.Ad-Hoc|ARM.ActiveCfg = Release|ARM
		{B9D9FEB3-A4FF-4F23-88D5-52E4052D8292}.Ad-Hoc|ARM.Build.0 = Release|ARM
		{B9D9FEB3-A4FF-4F23-88D5-52E4052D8292}.Ad-Hoc|ARM.Deploy.0 = Release|ARM
		{B9D9FEB3-A4FF-4F23-88D5-52E4052D8292}.Ad-Hoc|iPhone.ActiveCfg = Release|x86
		{B9D9FEB3-A4FF-4F23-88D5-52E4052D8292}.Ad-Hoc|iPhone.Build.0 = Release|x86
		{B9D9FEB3-A4FF-4F23-88D5-52E4052D8292}.Ad-Hoc|iPhone.Deploy.0 = Release|x86
		{B9D9FEB3-A4FF-4F23-88D5-52E4052D8292}.Ad-Hoc|iPhoneSimulator.ActiveCfg = Release|x86
		{B9D9FEB3-A4FF-4F23-88D5-52E4052D8292}.Ad-Hoc|iPhoneSimulator.Build.0 = Release|x86
		{B9D9FEB3-A4FF-4F23-88D5-52E4052D8292}.Ad-Hoc|iPhoneSimulator.Deploy.0 = Release|x86
		{B9D9FEB3-A4FF-4F23-88D5-52E4052D8292}.Ad-Hoc|x64.ActiveCfg = Release|x64
		{B9D9FEB3-A4FF-4F23-88D5-52E4052D8292}.Ad-Hoc|x64.Build.0 = Release|x64
		{B9D9FEB3-A4FF-4F23-88D5-52E4052D8292}.Ad-Hoc|x64.Deploy.0 = Release|x64
		{B9D9FEB3-A4FF-4F23-88D5-52E4052D8292}.Ad-Hoc|x86.ActiveCfg = Release|x86
		{B9D9FEB3-A4FF-4F23-88D5-52E4052D8292}.Ad-Hoc|x86.Build.0 = Release|x86
		{B9D9FEB3-A4FF-4F23-88D5-52E4052D8292}.Ad-Hoc|x86.Deploy.0 = Release|x86
		{B9D9FEB3-A4FF-4F23-88D5-52E4052D8292}.AppStore|Any CPU.ActiveCfg = Release|x86
		{B9D9FEB3-A4FF-4F23-88D5-52E4052D8292}.AppStore|Any CPU.Build.0 = Release|x86
		{B9D9FEB3-A4FF-4F23-88D5-52E4052D8292}.AppStore|Any CPU.Deploy.0 = Release|x86
		{B9D9FEB3-A4FF-4F23-88D5-52E4052D8292}.AppStore|ARM.ActiveCfg = Release|ARM
		{B9D9FEB3-A4FF-4F23-88D5-52E4052D8292}.AppStore|ARM.Build.0 = Release|ARM
		{B9D9FEB3-A4FF-4F23-88D5-52E4052D8292}.AppStore|ARM.Deploy.0 = Release|ARM
		{B9D9FEB3-A4FF-4F23-88D5-52E4052D8292}.AppStore|iPhone.ActiveCfg = Release|x86
		{B9D9FEB3-A4FF-4F23-88D5-52E4052D8292}.AppStore|iPhone.Build.0 = Release|x86
		{B9D9FEB3-A4FF-4F23-88D5-52E4052D8292}.AppStore|iPhone.Deploy.0 = Release|x86
		{B9D9FEB3-A4FF-4F23-88D5-52E4052D8292}.AppStore|iPhoneSimulator.ActiveCfg = Release|x86
		{B9D9FEB3-A4FF-4F23-88D5-52E4052D8292}.AppStore|iPhoneSimulator.Build.0 = Release|x86
		{B9D9FEB3-A4FF-4F23-88D5-52E4052D8292}.AppStore|iPhoneSimulator.Deploy.0 = Release|x86
		{B9D9FEB3-A4FF-4F23-88D5-52E4052D8292}.AppStore|x64.ActiveCfg = Release|x64
		{B9D9FEB3-A4FF-4F23-88D5-52E4052D8292}.AppStore|x64.Build.0 = Release|x64
		{B9D9FEB3-A4FF-4F23-88D5-52E4052D8292}.AppStore|x64.Deploy.0 = Release|x64
		{B9D9FEB3-A4FF-4F23-88D5-52E4052D8292}.AppStore|x86.ActiveCfg = Release|x86
		{B9D9FEB3-A4FF-4F23-88D5-52E4052D8292}.AppStore|x86.Build.0 = Release|x86
		{B9D9FEB3-A4FF-4F23-88D5-52E4052D8292}.AppStore|x86.Deploy.0 = Release|x86
		{B9D9FEB3-A4FF-4F23-88D5-52E4052D8292}.Debug|Any CPU.ActiveCfg = Debug|x86
		{B9D9FEB3-A4FF-4F23-88D5-52E4052D8292}.Debug|ARM.ActiveCfg = Debug|ARM
		{B9D9FEB3-A4FF-4F23-88D5-52E4052D8292}.Debug|ARM.Build.0 = Debug|ARM
		{B9D9FEB3-A4FF-4F23-88D5-52E4052D8292}.Debug|ARM.Deploy.0 = Debug|ARM
		{B9D9FEB3-A4FF-4F23-88D5-52E4052D8292}.Debug|iPhone.ActiveCfg = Debug|x86
		{B9D9FEB3-A4FF-4F23-88D5-52E4052D8292}.Debug|iPhoneSimulator.ActiveCfg = Debug|x86
		{B9D9FEB3-A4FF-4F23-88D5-52E4052D8292}.Debug|x64.ActiveCfg = Debug|x64
		{B9D9FEB3-A4FF-4F23-88D5-52E4052D8292}.Debug|x64.Build.0 = Debug|x64
		{B9D9FEB3-A4FF-4F23-88D5-52E4052D8292}.Debug|x64.Deploy.0 = Debug|x64
		{B9D9FEB3-A4FF-4F23-88D5-52E4052D8292}.Debug|x86.ActiveCfg = Debug|x86
		{B9D9FEB3-A4FF-4F23-88D5-52E4052D8292}.Debug|x86.Build.0 = Debug|x86
		{B9D9FEB3-A4FF-4F23-88D5-52E4052D8292}.Debug|x86.Deploy.0 = Debug|x86
		{B9D9FEB3-A4FF-4F23-88D5-52E4052D8292}.Release|Any CPU.ActiveCfg = Release|x86
		{B9D9FEB3-A4FF-4F23-88D5-52E4052D8292}.Release|ARM.ActiveCfg = Release|ARM
		{B9D9FEB3-A4FF-4F23-88D5-52E4052D8292}.Release|ARM.Build.0 = Release|ARM
		{B9D9FEB3-A4FF-4F23-88D5-52E4052D8292}.Release|ARM.Deploy.0 = Release|ARM
		{B9D9FEB3-A4FF-4F23-88D5-52E4052D8292}.Release|iPhone.ActiveCfg = Release|x86
		{B9D9FEB3-A4FF-4F23-88D5-52E4052D8292}.Release|iPhoneSimulator.ActiveCfg = Release|x86
		{B9D9FEB3-A4FF-4F23-88D5-52E4052D8292}.Release|x64.ActiveCfg = Release|x64
		{B9D9FEB3-A4FF-4F23-88D5-52E4052D8292}.Release|x64.Build.0 = Release|x64
		{B9D9FEB3-A4FF-4F23-88D5-52E4052D8292}.Release|x64.Deploy.0 = Release|x64
		{B9D9FEB3-A4FF-4F23-88D5-52E4052D8292}.Release|x86.ActiveCfg = Release|x86
		{B9D9FEB3-A4FF-4F23-88D5-52E4052D8292}.Release|x86.Build.0 = Release|x86
		{B9D9FEB3-A4FF-4F23-88D5-52E4052D8292}.Release|x86.Deploy.0 = Release|x86
	EndGlobalSection
	GlobalSection(SolutionProperties) = preSolution
		HideSolutionNode = FALSE
	EndGlobalSection
	GlobalSection(ExtensibilityGlobals) = postSolution
		SolutionGuid = {13D54107-770A-4C1B-B69C-499FD5C4B5B7}
	EndGlobalSection
EndGlobal
