
Microsoft Visual Studio Solution File, Format Version 12.00
# Visual Studio 15
VisualStudioVersion = 15.0.27130.2026
MinimumVisualStudioVersion = 10.0.40219.1
Project("{8BC9CEB8-8B4A-11D0-8D11-00A0C91BC942}") = "Lighting", "Lighting\Lighting.vcxproj", "{BFD0C04C-1DC0-421A-9BEA-A40A4D2F6EFE}"
EndProject
Global
	GlobalSection(SolutionConfigurationPlatforms) = preSolution
		Debug|x64 = Debug|x64
		Debug|x86 = Debug|x86
		Release|x64 = Release|x64
		Release|x86 = Release|x86
	EndGlobalSection
	GlobalSection(ProjectConfigurationPlatforms) = postSolution
		{BFD0C04C-1DC0-421A-9BEA-A40A4D2F6EFE}.Debug|x64.ActiveCfg = Debug|x64
		{BFD0C04C-1DC0-421A-9BEA-A40A4D2F6EFE}.Debug|x64.Build.0 = Debug|x64
		{BFD0C04C-1DC0-421A-9BEA-A40A4D2F6EFE}.Debug|x86.ActiveCfg = Debug|Win32
		{BFD0C04C-1DC0-421A-9BEA-A40A4D2F6EFE}.Debug|x86.Build.0 = Debug|Win32
		{BFD0C04C-1DC0-421A-9BEA-A40A4D2F6EFE}.Release|x64.ActiveCfg = Release|x64
		{BFD0C04C-1DC0-421A-9BEA-A40A4D2F6EFE}.Release|x64.Build.0 = Release|x64
		{BFD0C04C-1DC0-421A-9BEA-A40A4D2F6EFE}.Release|x86.ActiveCfg = Release|Win32
		{BFD0C04C-1DC0-421A-9BEA-A40A4D2F6EFE}.Release|x86.Build.0 = Release|Win32
	EndGlobalSection
	GlobalSection(SolutionProperties) = preSolution
		HideSolutionNode = FALSE
	EndGlobalSection
	GlobalSection(ExtensibilityGlobals) = postSolution
		SolutionGuid = {B72141F1-0CBF-4934-9240-AA0F062042F9}
	EndGlobalSection
EndGlobal
