
Microsoft Visual Studio Solution File, Format Version 12.00
# Visual Studio 2012
Project("{FAE04EC0-301F-11D3-BF4B-00C04F79EFBC}") = "PrescriptionService", "PrescriptionService\PrescriptionService.csproj", "{94D6534A-EF21-4D77-A5B0-4FA9E9F79C13}"
EndProject
Project("{FAE04EC0-301F-11D3-BF4B-00C04F79EFBC}") = "PrescriptionService.iOS", "iOS\PrescriptionService.iOS.csproj", "{D279ABAD-1E54-4982-8A1C-53A4C1DC92B9}"
EndProject
Project("{FAE04EC0-301F-11D3-BF4B-00C04F79EFBC}") = "PrescriptionService.Droid", "Droid\PrescriptionService.Droid.csproj", "{DADFCB54-5015-431C-89E1-E560810E887C}"
EndProject
Project("{FAE04EC0-301F-11D3-BF4B-00C04F79EFBC}") = "PrescriptionService.MacOS", "PrescriptionService.MacOS\PrescriptionService.MacOS.csproj", "{D624EB27-0721-452C-B042-496746CD95CE}"
EndProject
Global
	GlobalSection(SolutionConfigurationPlatforms) = preSolution
		Debug|Any CPU = Debug|Any CPU
		Release|Any CPU = Release|Any CPU
		Debug|iPhoneSimulator = Debug|iPhoneSimulator
		Release|iPhone = Release|iPhone
		Release|iPhoneSimulator = Release|iPhoneSimulator
		Debug|iPhone = Debug|iPhone
	EndGlobalSection
	GlobalSection(ProjectConfigurationPlatforms) = postSolution
		{94D6534A-EF21-4D77-A5B0-4FA9E9F79C13}.Debug|Any CPU.ActiveCfg = Debug|Any CPU
		{94D6534A-EF21-4D77-A5B0-4FA9E9F79C13}.Debug|Any CPU.Build.0 = Debug|Any CPU
		{94D6534A-EF21-4D77-A5B0-4FA9E9F79C13}.Release|Any CPU.ActiveCfg = Release|Any CPU
		{94D6534A-EF21-4D77-A5B0-4FA9E9F79C13}.Release|Any CPU.Build.0 = Release|Any CPU
		{94D6534A-EF21-4D77-A5B0-4FA9E9F79C13}.Debug|iPhoneSimulator.ActiveCfg = Debug|Any CPU
		{94D6534A-EF21-4D77-A5B0-4FA9E9F79C13}.Debug|iPhoneSimulator.Build.0 = Debug|Any CPU
		{94D6534A-EF21-4D77-A5B0-4FA9E9F79C13}.Release|iPhone.ActiveCfg = Release|Any CPU
		{94D6534A-EF21-4D77-A5B0-4FA9E9F79C13}.Release|iPhone.Build.0 = Release|Any CPU
		{94D6534A-EF21-4D77-A5B0-4FA9E9F79C13}.Release|iPhoneSimulator.ActiveCfg = Release|Any CPU
		{94D6534A-EF21-4D77-A5B0-4FA9E9F79C13}.Release|iPhoneSimulator.Build.0 = Release|Any CPU
		{94D6534A-EF21-4D77-A5B0-4FA9E9F79C13}.Debug|iPhone.ActiveCfg = Debug|Any CPU
		{94D6534A-EF21-4D77-A5B0-4FA9E9F79C13}.Debug|iPhone.Build.0 = Debug|Any CPU
		{D279ABAD-1E54-4982-8A1C-53A4C1DC92B9}.Debug|Any CPU.ActiveCfg = Debug|iPhoneSimulator
		{D279ABAD-1E54-4982-8A1C-53A4C1DC92B9}.Debug|Any CPU.Build.0 = Debug|iPhoneSimulator
		{D279ABAD-1E54-4982-8A1C-53A4C1DC92B9}.Release|Any CPU.ActiveCfg = Release|iPhone
		{D279ABAD-1E54-4982-8A1C-53A4C1DC92B9}.Release|Any CPU.Build.0 = Release|iPhone
		{D279ABAD-1E54-4982-8A1C-53A4C1DC92B9}.Debug|iPhoneSimulator.ActiveCfg = Debug|iPhoneSimulator
		{D279ABAD-1E54-4982-8A1C-53A4C1DC92B9}.Debug|iPhoneSimulator.Build.0 = Debug|iPhoneSimulator
		{D279ABAD-1E54-4982-8A1C-53A4C1DC92B9}.Release|iPhone.ActiveCfg = Release|iPhone
		{D279ABAD-1E54-4982-8A1C-53A4C1DC92B9}.Release|iPhone.Build.0 = Release|iPhone
		{D279ABAD-1E54-4982-8A1C-53A4C1DC92B9}.Release|iPhoneSimulator.ActiveCfg = Release|iPhoneSimulator
		{D279ABAD-1E54-4982-8A1C-53A4C1DC92B9}.Release|iPhoneSimulator.Build.0 = Release|iPhoneSimulator
		{D279ABAD-1E54-4982-8A1C-53A4C1DC92B9}.Debug|iPhone.ActiveCfg = Debug|iPhone
		{D279ABAD-1E54-4982-8A1C-53A4C1DC92B9}.Debug|iPhone.Build.0 = Debug|iPhone
		{DADFCB54-5015-431C-89E1-E560810E887C}.Debug|Any CPU.ActiveCfg = Debug|Any CPU
		{DADFCB54-5015-431C-89E1-E560810E887C}.Debug|Any CPU.Build.0 = Debug|Any CPU
		{DADFCB54-5015-431C-89E1-E560810E887C}.Release|Any CPU.ActiveCfg = Release|Any CPU
		{DADFCB54-5015-431C-89E1-E560810E887C}.Release|Any CPU.Build.0 = Release|Any CPU
		{DADFCB54-5015-431C-89E1-E560810E887C}.Debug|iPhoneSimulator.ActiveCfg = Debug|Any CPU
		{DADFCB54-5015-431C-89E1-E560810E887C}.Debug|iPhoneSimulator.Build.0 = Debug|Any CPU
		{DADFCB54-5015-431C-89E1-E560810E887C}.Release|iPhone.ActiveCfg = Release|Any CPU
		{DADFCB54-5015-431C-89E1-E560810E887C}.Release|iPhone.Build.0 = Release|Any CPU
		{DADFCB54-5015-431C-89E1-E560810E887C}.Release|iPhoneSimulator.ActiveCfg = Release|Any CPU
		{DADFCB54-5015-431C-89E1-E560810E887C}.Release|iPhoneSimulator.Build.0 = Release|Any CPU
		{DADFCB54-5015-431C-89E1-E560810E887C}.Debug|iPhone.ActiveCfg = Debug|Any CPU
		{DADFCB54-5015-431C-89E1-E560810E887C}.Debug|iPhone.Build.0 = Debug|Any CPU
		{D624EB27-0721-452C-B042-496746CD95CE}.Debug|Any CPU.ActiveCfg = Debug|Any CPU
		{D624EB27-0721-452C-B042-496746CD95CE}.Debug|Any CPU.Build.0 = Debug|Any CPU
		{D624EB27-0721-452C-B042-496746CD95CE}.Release|Any CPU.ActiveCfg = Release|Any CPU
		{D624EB27-0721-452C-B042-496746CD95CE}.Release|Any CPU.Build.0 = Release|Any CPU
		{D624EB27-0721-452C-B042-496746CD95CE}.Debug|iPhoneSimulator.ActiveCfg = Debug|Any CPU
		{D624EB27-0721-452C-B042-496746CD95CE}.Debug|iPhoneSimulator.Build.0 = Debug|Any CPU
		{D624EB27-0721-452C-B042-496746CD95CE}.Release|iPhone.ActiveCfg = Release|Any CPU
		{D624EB27-0721-452C-B042-496746CD95CE}.Release|iPhone.Build.0 = Release|Any CPU
		{D624EB27-0721-452C-B042-496746CD95CE}.Release|iPhoneSimulator.ActiveCfg = Release|Any CPU
		{D624EB27-0721-452C-B042-496746CD95CE}.Release|iPhoneSimulator.Build.0 = Release|Any CPU
		{D624EB27-0721-452C-B042-496746CD95CE}.Debug|iPhone.ActiveCfg = Debug|Any CPU
		{D624EB27-0721-452C-B042-496746CD95CE}.Debug|iPhone.Build.0 = Debug|Any CPU
	EndGlobalSection
EndGlobal
